
Microsoft Visual Studio Solution File, Format Version 12.00
# Visual Studio Version 16
VisualStudioVersion = 16.0.30517.126
MinimumVisualStudioVersion = 10.0.40219.1
Project("{FAE04EC0-301F-11D3-BF4B-00C04F79EFBC}") = "EmployeeWageProblemFinal", "EmployeeWageProblemFinal\EmployeeWageProblemFinal.csproj", "{D095511C-F345-4638-9230-196BE8DC462D}"
EndProject
Global
	GlobalSection(SolutionConfigurationPlatforms) = preSolution
		Debug|Any CPU = Debug|Any CPU
		Release|Any CPU = Release|Any CPU
	EndGlobalSection
	GlobalSection(ProjectConfigurationPlatforms) = postSolution
		{D095511C-F345-4638-9230-196BE8DC462D}.Debug|Any CPU.ActiveCfg = Debug|Any CPU
		{D095511C-F345-4638-9230-196BE8DC462D}.Debug|Any CPU.Build.0 = Debug|Any CPU
		{D095511C-F345-4638-9230-196BE8DC462D}.Release|Any CPU.ActiveCfg = Release|Any CPU
		{D095511C-F345-4638-9230-196BE8DC462D}.Release|Any CPU.Build.0 = Release|Any CPU
	EndGlobalSection
	GlobalSection(SolutionProperties) = preSolution
		HideSolutionNode = FALSE
	EndGlobalSection
	GlobalSection(ExtensibilityGlobals) = postSolution
		SolutionGuid = {81B8ECB5-F202-472E-8A78-62D7F02118DB}
	EndGlobalSection
EndGlobal
